// !$*UTF8*$!
{
	archiveVersion = 1;
	classes = {
	};
	objectVersion = 46;
	objects = {

/* Begin PBXBuildFile section */
		6CC7B6DB926AB45CB444317A /* libPods.a in Frameworks */ = {isa = PBXBuildFile; fileRef = D8E6ECE77177C04D4327986C /* libPods.a */; };
		9C03482B19F18D1F0070BEFD /* RegisterViewController.m in Sources */ = {isa = PBXBuildFile; fileRef = 9C03482A19F18D1F0070BEFD /* RegisterViewController.m */; };
		9C03482E19F18F460070BEFD /* LoginViewController.m in Sources */ = {isa = PBXBuildFile; fileRef = 9C03482D19F18F460070BEFD /* LoginViewController.m */; };
		9C0B90DE1A0F93B900008071 /* Model.xcdatamodeld in Sources */ = {isa = PBXBuildFile; fileRef = 9C0B90DC1A0F93B900008071 /* Model.xcdatamodeld */; };
		9C6F793C1A1FDF5D0039B5E0 /* AddEventViewController.m in Sources */ = {isa = PBXBuildFile; fileRef = 9C6F793B1A1FDF5D0039B5E0 /* AddEventViewController.m */; };
		9C7F8DDC1A2776D00082E7A6 /* NSDate+RFC1123.m in Sources */ = {isa = PBXBuildFile; fileRef = 9C7F8DDB1A2776D00082E7A6 /* NSDate+RFC1123.m */; };
		9C82854C1A02DB9F00421B88 /* fontawesome-webfont.ttf in Resources */ = {isa = PBXBuildFile; fileRef = 9C82854B1A02DB9F00421B88 /* fontawesome-webfont.ttf */; };
		9C9623A619F666CE002C2515 /* EventAnnotation.m in Sources */ = {isa = PBXBuildFile; fileRef = 9C9623A519F666CE002C2515 /* EventAnnotation.m */; };
		9CC81E4E19F4EFA300C28DA3 /* EventUpdater.m in Sources */ = {isa = PBXBuildFile; fileRef = 9CC81E4D19F4EFA300C28DA3 /* EventUpdater.m */; };
		9CCF95371A2A3C3500A5C2C9 /* AddEventViewController+PinPicker.m in Sources */ = {isa = PBXBuildFile; fileRef = 9CCF95361A2A3C3500A5C2C9 /* AddEventViewController+PinPicker.m */; };
		9CCF953A1A2A3DAA00A5C2C9 /* AddEventViewController+DatePicker.m in Sources */ = {isa = PBXBuildFile; fileRef = 9CCF95391A2A3DAA00A5C2C9 /* AddEventViewController+DatePicker.m */; };
		9CCF95411A2A401A00A5C2C9 /* MainViewController+Map.m in Sources */ = {isa = PBXBuildFile; fileRef = 9CCF95401A2A401A00A5C2C9 /* MainViewController+Map.m */; };
		9CCF95441A2A43D600A5C2C9 /* MainViewController+NewsStand.m in Sources */ = {isa = PBXBuildFile; fileRef = 9CCF95431A2A43D600A5C2C9 /* MainViewController+NewsStand.m */; };
		9CCF95531A2A75B400A5C2C9 /* Event.m in Sources */ = {isa = PBXBuildFile; fileRef = 9CCF95521A2A75B400A5C2C9 /* Event.m */; };
		9CCF95561A2A75B400A5C2C9 /* Friend.m in Sources */ = {isa = PBXBuildFile; fileRef = 9CCF95551A2A75B400A5C2C9 /* Friend.m */; };
		9CCF95591A2A75B400A5C2C9 /* Photo.m in Sources */ = {isa = PBXBuildFile; fileRef = 9CCF95581A2A75B400A5C2C9 /* Photo.m */; };
		9CCF955C1A2A75B500A5C2C9 /* Comment.m in Sources */ = {isa = PBXBuildFile; fileRef = 9CCF955B1A2A75B500A5C2C9 /* Comment.m */; };
		9CCF955F1A2A8C4D00A5C2C9 /* AddEventViewController+PhotoPicker.m in Sources */ = {isa = PBXBuildFile; fileRef = 9CCF955E1A2A8C4D00A5C2C9 /* AddEventViewController+PhotoPicker.m */; };
		9CEB7F7819F16EBF0096B4E7 /* main.m in Sources */ = {isa = PBXBuildFile; fileRef = 9CEB7F7719F16EBF0096B4E7 /* main.m */; };
		9CEB7F7B19F16EBF0096B4E7 /* AppDelegate.m in Sources */ = {isa = PBXBuildFile; fileRef = 9CEB7F7A19F16EBF0096B4E7 /* AppDelegate.m */; };
		9CEB7F7E19F16EBF0096B4E7 /* MainViewController.m in Sources */ = {isa = PBXBuildFile; fileRef = 9CEB7F7D19F16EBF0096B4E7 /* MainViewController.m */; };
		9CEB7F8119F16EBF0096B4E7 /* Main.storyboard in Resources */ = {isa = PBXBuildFile; fileRef = 9CEB7F7F19F16EBF0096B4E7 /* Main.storyboard */; };
		9CEB7F8319F16EBF0096B4E7 /* Images.xcassets in Resources */ = {isa = PBXBuildFile; fileRef = 9CEB7F8219F16EBF0096B4E7 /* Images.xcassets */; };
		9CEB7F8619F16EBF0096B4E7 /* LaunchScreen.xib in Resources */ = {isa = PBXBuildFile; fileRef = 9CEB7F8419F16EBF0096B4E7 /* LaunchScreen.xib */; };
		9CEB7F9219F16EBF0096B4E7 /* icreatedTests.m in Sources */ = {isa = PBXBuildFile; fileRef = 9CEB7F9119F16EBF0096B4E7 /* icreatedTests.m */; };
		9CEB7F9F19F16EE60096B4E7 /* MapKit.framework in Frameworks */ = {isa = PBXBuildFile; fileRef = 9CEB7F9E19F16EE60096B4E7 /* MapKit.framework */; };
		9CEB7FA219F16FCD0096B4E7 /* NavigationViewController.m in Sources */ = {isa = PBXBuildFile; fileRef = 9CEB7FA119F16FCD0096B4E7 /* NavigationViewController.m */; };
		9CF3FDBB1A30A3000027841A /* PinPickerViewController.m in Sources */ = {isa = PBXBuildFile; fileRef = 9CF3FDBA1A30A3000027841A /* PinPickerViewController.m */; };
		9CF3FDBE1A30A3140027841A /* AddEventViewController+EventSender.m in Sources */ = {isa = PBXBuildFile; fileRef = 9CF3FDBD1A30A3140027841A /* AddEventViewController+EventSender.m */; };
/* End PBXBuildFile section */

/* Begin PBXContainerItemProxy section */
		9CEB7F8C19F16EBF0096B4E7 /* PBXContainerItemProxy */ = {
			isa = PBXContainerItemProxy;
			containerPortal = 9CEB7F6A19F16EBF0096B4E7 /* Project object */;
			proxyType = 1;
			remoteGlobalIDString = 9CEB7F7119F16EBF0096B4E7;
			remoteInfo = icreated;
		};
/* End PBXContainerItemProxy section */

/* Begin PBXFileReference section */
		1C2E36156BD7374318E96A65 /* Pods.debug.xcconfig */ = {isa = PBXFileReference; includeInIndex = 1; lastKnownFileType = text.xcconfig; name = Pods.debug.xcconfig; path = "Pods/Target Support Files/Pods/Pods.debug.xcconfig"; sourceTree = "<group>"; };
		9C03482919F18D1F0070BEFD /* RegisterViewController.h */ = {isa = PBXFileReference; fileEncoding = 4; lastKnownFileType = sourcecode.c.h; path = RegisterViewController.h; sourceTree = "<group>"; };
		9C03482A19F18D1F0070BEFD /* RegisterViewController.m */ = {isa = PBXFileReference; fileEncoding = 4; lastKnownFileType = sourcecode.c.objc; path = RegisterViewController.m; sourceTree = "<group>"; };
		9C03482C19F18F460070BEFD /* LoginViewController.h */ = {isa = PBXFileReference; fileEncoding = 4; lastKnownFileType = sourcecode.c.h; path = LoginViewController.h; sourceTree = "<group>"; };
		9C03482D19F18F460070BEFD /* LoginViewController.m */ = {isa = PBXFileReference; fileEncoding = 4; lastKnownFileType = sourcecode.c.objc; path = LoginViewController.m; sourceTree = "<group>"; };
		9C0B90DD1A0F93B900008071 /* Model.xcdatamodel */ = {isa = PBXFileReference; lastKnownFileType = wrapper.xcdatamodel; path = Model.xcdatamodel; sourceTree = "<group>"; };
		9C6F793A1A1FDF5D0039B5E0 /* AddEventViewController.h */ = {isa = PBXFileReference; fileEncoding = 4; lastKnownFileType = sourcecode.c.h; path = AddEventViewController.h; sourceTree = "<group>"; };
		9C6F793B1A1FDF5D0039B5E0 /* AddEventViewController.m */ = {isa = PBXFileReference; fileEncoding = 4; lastKnownFileType = sourcecode.c.objc; path = AddEventViewController.m; sourceTree = "<group>"; };
		9C7F8DDA1A2776D00082E7A6 /* NSDate+RFC1123.h */ = {isa = PBXFileReference; fileEncoding = 4; lastKnownFileType = sourcecode.c.h; path = "NSDate+RFC1123.h"; sourceTree = "<group>"; };
		9C7F8DDB1A2776D00082E7A6 /* NSDate+RFC1123.m */ = {isa = PBXFileReference; fileEncoding = 4; lastKnownFileType = sourcecode.c.objc; path = "NSDate+RFC1123.m"; sourceTree = "<group>"; };
		9C82854B1A02DB9F00421B88 /* fontawesome-webfont.ttf */ = {isa = PBXFileReference; lastKnownFileType = file; path = "fontawesome-webfont.ttf"; sourceTree = "<group>"; };
		9C9623A419F666CE002C2515 /* EventAnnotation.h */ = {isa = PBXFileReference; fileEncoding = 4; lastKnownFileType = sourcecode.c.h; path = EventAnnotation.h; sourceTree = "<group>"; };
		9C9623A519F666CE002C2515 /* EventAnnotation.m */ = {isa = PBXFileReference; fileEncoding = 4; lastKnownFileType = sourcecode.c.objc; path = EventAnnotation.m; sourceTree = "<group>"; };
		9CC81E4C19F4EFA300C28DA3 /* EventUpdater.h */ = {isa = PBXFileReference; fileEncoding = 4; lastKnownFileType = sourcecode.c.h; path = EventUpdater.h; sourceTree = "<group>"; };
		9CC81E4D19F4EFA300C28DA3 /* EventUpdater.m */ = {isa = PBXFileReference; fileEncoding = 4; lastKnownFileType = sourcecode.c.objc; path = EventUpdater.m; sourceTree = "<group>"; };
		9CCF95351A2A3C3500A5C2C9 /* AddEventViewController+PinPicker.h */ = {isa = PBXFileReference; fileEncoding = 4; lastKnownFileType = sourcecode.c.h; path = "AddEventViewController+PinPicker.h"; sourceTree = "<group>"; };
		9CCF95361A2A3C3500A5C2C9 /* AddEventViewController+PinPicker.m */ = {isa = PBXFileReference; fileEncoding = 4; lastKnownFileType = sourcecode.c.objc; path = "AddEventViewController+PinPicker.m"; sourceTree = "<group>"; };
		9CCF95381A2A3DAA00A5C2C9 /* AddEventViewController+DatePicker.h */ = {isa = PBXFileReference; fileEncoding = 4; lastKnownFileType = sourcecode.c.h; path = "AddEventViewController+DatePicker.h"; sourceTree = "<group>"; };
		9CCF95391A2A3DAA00A5C2C9 /* AddEventViewController+DatePicker.m */ = {isa = PBXFileReference; fileEncoding = 4; lastKnownFileType = sourcecode.c.objc; path = "AddEventViewController+DatePicker.m"; sourceTree = "<group>"; };
		9CCF953F1A2A401A00A5C2C9 /* MainViewController+Map.h */ = {isa = PBXFileReference; fileEncoding = 4; lastKnownFileType = sourcecode.c.h; path = "MainViewController+Map.h"; sourceTree = "<group>"; };
		9CCF95401A2A401A00A5C2C9 /* MainViewController+Map.m */ = {isa = PBXFileReference; fileEncoding = 4; lastKnownFileType = sourcecode.c.objc; path = "MainViewController+Map.m"; sourceTree = "<group>"; };
		9CCF95421A2A43D600A5C2C9 /* MainViewController+NewsStand.h */ = {isa = PBXFileReference; fileEncoding = 4; lastKnownFileType = sourcecode.c.h; path = "MainViewController+NewsStand.h"; sourceTree = "<group>"; };
		9CCF95431A2A43D600A5C2C9 /* MainViewController+NewsStand.m */ = {isa = PBXFileReference; fileEncoding = 4; lastKnownFileType = sourcecode.c.objc; path = "MainViewController+NewsStand.m"; sourceTree = "<group>"; };
		9CCF95511A2A75B400A5C2C9 /* Event.h */ = {isa = PBXFileReference; fileEncoding = 4; lastKnownFileType = sourcecode.c.h; path = Event.h; sourceTree = "<group>"; };
		9CCF95521A2A75B400A5C2C9 /* Event.m */ = {isa = PBXFileReference; fileEncoding = 4; lastKnownFileType = sourcecode.c.objc; path = Event.m; sourceTree = "<group>"; };
		9CCF95541A2A75B400A5C2C9 /* Friend.h */ = {isa = PBXFileReference; fileEncoding = 4; lastKnownFileType = sourcecode.c.h; path = Friend.h; sourceTree = "<group>"; };
		9CCF95551A2A75B400A5C2C9 /* Friend.m */ = {isa = PBXFileReference; fileEncoding = 4; lastKnownFileType = sourcecode.c.objc; path = Friend.m; sourceTree = "<group>"; };
		9CCF95571A2A75B400A5C2C9 /* Photo.h */ = {isa = PBXFileReference; fileEncoding = 4; lastKnownFileType = sourcecode.c.h; path = Photo.h; sourceTree = "<group>"; };
		9CCF95581A2A75B400A5C2C9 /* Photo.m */ = {isa = PBXFileReference; fileEncoding = 4; lastKnownFileType = sourcecode.c.objc; path = Photo.m; sourceTree = "<group>"; };
		9CCF955A1A2A75B500A5C2C9 /* Comment.h */ = {isa = PBXFileReference; fileEncoding = 4; lastKnownFileType = sourcecode.c.h; path = Comment.h; sourceTree = "<group>"; };
		9CCF955B1A2A75B500A5C2C9 /* Comment.m */ = {isa = PBXFileReference; fileEncoding = 4; lastKnownFileType = sourcecode.c.objc; path = Comment.m; sourceTree = "<group>"; };
		9CCF955D1A2A8C4D00A5C2C9 /* AddEventViewController+PhotoPicker.h */ = {isa = PBXFileReference; fileEncoding = 4; lastKnownFileType = sourcecode.c.h; path = "AddEventViewController+PhotoPicker.h"; sourceTree = "<group>"; };
		9CCF955E1A2A8C4D00A5C2C9 /* AddEventViewController+PhotoPicker.m */ = {isa = PBXFileReference; fileEncoding = 4; lastKnownFileType = sourcecode.c.objc; path = "AddEventViewController+PhotoPicker.m"; sourceTree = "<group>"; };
		9CEB7F7219F16EBF0096B4E7 /* icreated.app */ = {isa = PBXFileReference; explicitFileType = wrapper.application; includeInIndex = 0; path = icreated.app; sourceTree = BUILT_PRODUCTS_DIR; };
		9CEB7F7619F16EBF0096B4E7 /* Info.plist */ = {isa = PBXFileReference; lastKnownFileType = text.plist.xml; path = Info.plist; sourceTree = "<group>"; };
		9CEB7F7719F16EBF0096B4E7 /* main.m */ = {isa = PBXFileReference; lastKnownFileType = sourcecode.c.objc; path = main.m; sourceTree = "<group>"; };
		9CEB7F7919F16EBF0096B4E7 /* AppDelegate.h */ = {isa = PBXFileReference; lastKnownFileType = sourcecode.c.h; path = AppDelegate.h; sourceTree = "<group>"; };
		9CEB7F7A19F16EBF0096B4E7 /* AppDelegate.m */ = {isa = PBXFileReference; lastKnownFileType = sourcecode.c.objc; path = AppDelegate.m; sourceTree = "<group>"; };
		9CEB7F7C19F16EBF0096B4E7 /* MainViewController.h */ = {isa = PBXFileReference; lastKnownFileType = sourcecode.c.h; path = MainViewController.h; sourceTree = "<group>"; };
		9CEB7F7D19F16EBF0096B4E7 /* MainViewController.m */ = {isa = PBXFileReference; lastKnownFileType = sourcecode.c.objc; path = MainViewController.m; sourceTree = "<group>"; };
		9CEB7F8019F16EBF0096B4E7 /* Base */ = {isa = PBXFileReference; lastKnownFileType = file.storyboard; name = Base; path = Base.lproj/Main.storyboard; sourceTree = "<group>"; };
		9CEB7F8219F16EBF0096B4E7 /* Images.xcassets */ = {isa = PBXFileReference; lastKnownFileType = folder.assetcatalog; path = Images.xcassets; sourceTree = "<group>"; };
		9CEB7F8519F16EBF0096B4E7 /* Base */ = {isa = PBXFileReference; lastKnownFileType = file.xib; name = Base; path = Base.lproj/LaunchScreen.xib; sourceTree = "<group>"; };
		9CEB7F8B19F16EBF0096B4E7 /* icreatedTests.xctest */ = {isa = PBXFileReference; explicitFileType = wrapper.cfbundle; includeInIndex = 0; path = icreatedTests.xctest; sourceTree = BUILT_PRODUCTS_DIR; };
		9CEB7F9019F16EBF0096B4E7 /* Info.plist */ = {isa = PBXFileReference; lastKnownFileType = text.plist.xml; path = Info.plist; sourceTree = "<group>"; };
		9CEB7F9119F16EBF0096B4E7 /* icreatedTests.m */ = {isa = PBXFileReference; lastKnownFileType = sourcecode.c.objc; path = icreatedTests.m; sourceTree = "<group>"; };
		9CEB7F9E19F16EE60096B4E7 /* MapKit.framework */ = {isa = PBXFileReference; lastKnownFileType = wrapper.framework; name = MapKit.framework; path = System/Library/Frameworks/MapKit.framework; sourceTree = SDKROOT; };
		9CEB7FA019F16FCD0096B4E7 /* NavigationViewController.h */ = {isa = PBXFileReference; fileEncoding = 4; lastKnownFileType = sourcecode.c.h; path = NavigationViewController.h; sourceTree = "<group>"; };
		9CEB7FA119F16FCD0096B4E7 /* NavigationViewController.m */ = {isa = PBXFileReference; fileEncoding = 4; lastKnownFileType = sourcecode.c.objc; path = NavigationViewController.m; sourceTree = "<group>"; };
		9CF3FDB91A30A3000027841A /* PinPickerViewController.h */ = {isa = PBXFileReference; fileEncoding = 4; lastKnownFileType = sourcecode.c.h; path = PinPickerViewController.h; sourceTree = "<group>"; };
		9CF3FDBA1A30A3000027841A /* PinPickerViewController.m */ = {isa = PBXFileReference; fileEncoding = 4; lastKnownFileType = sourcecode.c.objc; path = PinPickerViewController.m; sourceTree = "<group>"; };
		9CF3FDBC1A30A3140027841A /* AddEventViewController+EventSender.h */ = {isa = PBXFileReference; fileEncoding = 4; lastKnownFileType = sourcecode.c.h; path = "AddEventViewController+EventSender.h"; sourceTree = "<group>"; };
		9CF3FDBD1A30A3140027841A /* AddEventViewController+EventSender.m */ = {isa = PBXFileReference; fileEncoding = 4; lastKnownFileType = sourcecode.c.objc; path = "AddEventViewController+EventSender.m"; sourceTree = "<group>"; };
		A6B59FAA48D59786503C937A /* Pods.release.xcconfig */ = {isa = PBXFileReference; includeInIndex = 1; lastKnownFileType = text.xcconfig; name = Pods.release.xcconfig; path = "Pods/Target Support Files/Pods/Pods.release.xcconfig"; sourceTree = "<group>"; };
		D8E6ECE77177C04D4327986C /* libPods.a */ = {isa = PBXFileReference; explicitFileType = archive.ar; includeInIndex = 0; path = libPods.a; sourceTree = BUILT_PRODUCTS_DIR; };
/* End PBXFileReference section */

/* Begin PBXFrameworksBuildPhase section */
		9CEB7F6F19F16EBF0096B4E7 /* Frameworks */ = {
			isa = PBXFrameworksBuildPhase;
			buildActionMask = 2147483647;
			files = (
				9CEB7F9F19F16EE60096B4E7 /* MapKit.framework in Frameworks */,
				6CC7B6DB926AB45CB444317A /* libPods.a in Frameworks */,
			);
			runOnlyForDeploymentPostprocessing = 0;
		};
		9CEB7F8819F16EBF0096B4E7 /* Frameworks */ = {
			isa = PBXFrameworksBuildPhase;
			buildActionMask = 2147483647;
			files = (
			);
			runOnlyForDeploymentPostprocessing = 0;
		};
/* End PBXFrameworksBuildPhase section */

/* Begin PBXGroup section */
		092AFDB3C9760C7FFD382FFB /* Frameworks */ = {
			isa = PBXGroup;
			children = (
				9CEB7F9E19F16EE60096B4E7 /* MapKit.framework */,
				D8E6ECE77177C04D4327986C /* libPods.a */,
			);
			name = Frameworks;
			sourceTree = "<group>";
		};
		92236A1DE2D5E7C8DCE37096 /* Pods */ = {
			isa = PBXGroup;
			children = (
				1C2E36156BD7374318E96A65 /* Pods.debug.xcconfig */,
				A6B59FAA48D59786503C937A /* Pods.release.xcconfig */,
			);
			name = Pods;
			sourceTree = "<group>";
		};
		9C0B90EC1A0FB4E800008071 /* Core Data */ = {
			isa = PBXGroup;
			children = (
				9C0B90DC1A0F93B900008071 /* Model.xcdatamodeld */,
				9CCF955A1A2A75B500A5C2C9 /* Comment.h */,
				9CCF955B1A2A75B500A5C2C9 /* Comment.m */,
				9CCF95571A2A75B400A5C2C9 /* Photo.h */,
				9CCF95581A2A75B400A5C2C9 /* Photo.m */,
				9CCF95541A2A75B400A5C2C9 /* Friend.h */,
				9CCF95551A2A75B400A5C2C9 /* Friend.m */,
				9CCF95511A2A75B400A5C2C9 /* Event.h */,
				9CCF95521A2A75B400A5C2C9 /* Event.m */,
			);
			name = "Core Data";
			sourceTree = "<group>";
		};
		9C6F793D1A1FDF6C0039B5E0 /* AddEvent */ = {
			isa = PBXGroup;
			children = (
				9C6F793A1A1FDF5D0039B5E0 /* AddEventViewController.h */,
				9C6F793B1A1FDF5D0039B5E0 /* AddEventViewController.m */,
				9CF3FDBF1A30A3C60027841A /* EventSender */,
				9C7F8DE91A288F380082E7A6 /* PinPicker */,
				9CCF953B1A2A3DE600A5C2C9 /* DatePicker */,
				9CCF95601A2A8C6B00A5C2C9 /* PhotoPicker */,
			);
			name = AddEvent;
			sourceTree = "<group>";
		};
		9C7F8DE91A288F380082E7A6 /* PinPicker */ = {
			isa = PBXGroup;
			children = (
				9CCF95351A2A3C3500A5C2C9 /* AddEventViewController+PinPicker.h */,
				9CCF95361A2A3C3500A5C2C9 /* AddEventViewController+PinPicker.m */,
				9CF3FDB91A30A3000027841A /* PinPickerViewController.h */,
				9CF3FDBA1A30A3000027841A /* PinPickerViewController.m */,
			);
			name = PinPicker;
			sourceTree = "<group>";
		};
		9C9623A319F666A3002C2515 /* Annotation */ = {
			isa = PBXGroup;
			children = (
				9C9623A419F666CE002C2515 /* EventAnnotation.h */,
				9C9623A519F666CE002C2515 /* EventAnnotation.m */,
			);
			name = Annotation;
			sourceTree = "<group>";
		};
		9C9623A719F666EA002C2515 /* Login */ = {
			isa = PBXGroup;
			children = (
				9C03482C19F18F460070BEFD /* LoginViewController.h */,
				9C03482D19F18F460070BEFD /* LoginViewController.m */,
			);
			name = Login;
			sourceTree = "<group>";
		};
		9C9623A819F66700002C2515 /* Register */ = {
			isa = PBXGroup;
			children = (
				9C03482919F18D1F0070BEFD /* RegisterViewController.h */,
				9C03482A19F18D1F0070BEFD /* RegisterViewController.m */,
			);
			name = Register;
			sourceTree = "<group>";
		};
		9C9623AA19F66731002C2515 /* Main */ = {
			isa = PBXGroup;
			children = (
				9CEB7F7C19F16EBF0096B4E7 /* MainViewController.h */,
				9CEB7F7D19F16EBF0096B4E7 /* MainViewController.m */,
				9CCF95421A2A43D600A5C2C9 /* MainViewController+NewsStand.h */,
				9CCF95431A2A43D600A5C2C9 /* MainViewController+NewsStand.m */,
				9CCF953F1A2A401A00A5C2C9 /* MainViewController+Map.h */,
				9CCF95401A2A401A00A5C2C9 /* MainViewController+Map.m */,
				9C9623A319F666A3002C2515 /* Annotation */,
			);
			name = Main;
			sourceTree = "<group>";
		};
		9C9623AB19F66749002C2515 /* Menu */ = {
			isa = PBXGroup;
			children = (
				9CEB7FA019F16FCD0096B4E7 /* NavigationViewController.h */,
				9CEB7FA119F16FCD0096B4E7 /* NavigationViewController.m */,
			);
			name = Menu;
			sourceTree = "<group>";
		};
		9C9623AC19F6675F002C2515 /* EventUpdater */ = {
			isa = PBXGroup;
			children = (
				9C82854B1A02DB9F00421B88 /* fontawesome-webfont.ttf */,
				9CC81E4C19F4EFA300C28DA3 /* EventUpdater.h */,
				9CC81E4D19F4EFA300C28DA3 /* EventUpdater.m */,
			);
			name = EventUpdater;
			sourceTree = "<group>";
		};
		9CCF953B1A2A3DE600A5C2C9 /* DatePicker */ = {
			isa = PBXGroup;
			children = (
				9CCF95381A2A3DAA00A5C2C9 /* AddEventViewController+DatePicker.h */,
				9CCF95391A2A3DAA00A5C2C9 /* AddEventViewController+DatePicker.m */,
			);
			name = DatePicker;
			sourceTree = "<group>";
		};
		9CCF95601A2A8C6B00A5C2C9 /* PhotoPicker */ = {
			isa = PBXGroup;
			children = (
				9CCF955D1A2A8C4D00A5C2C9 /* AddEventViewController+PhotoPicker.h */,
				9CCF955E1A2A8C4D00A5C2C9 /* AddEventViewController+PhotoPicker.m */,
			);
			name = PhotoPicker;
			sourceTree = "<group>";
		};
		9CEB7F6919F16EBF0096B4E7 = {
			isa = PBXGroup;
			children = (
				9CEB7F7419F16EBF0096B4E7 /* icreated */,
				9CEB7F8E19F16EBF0096B4E7 /* icreatedTests */,
				9CEB7F7319F16EBF0096B4E7 /* Products */,
				92236A1DE2D5E7C8DCE37096 /* Pods */,
				092AFDB3C9760C7FFD382FFB /* Frameworks */,
			);
			sourceTree = "<group>";
		};
		9CEB7F7319F16EBF0096B4E7 /* Products */ = {
			isa = PBXGroup;
			children = (
				9CEB7F7219F16EBF0096B4E7 /* icreated.app */,
				9CEB7F8B19F16EBF0096B4E7 /* icreatedTests.xctest */,
			);
			name = Products;
			sourceTree = "<group>";
		};
		9CEB7F7419F16EBF0096B4E7 /* icreated */ = {
			isa = PBXGroup;
			children = (
				9CEB7F7919F16EBF0096B4E7 /* AppDelegate.h */,
				9CEB7F7A19F16EBF0096B4E7 /* AppDelegate.m */,
				9CEB7F7F19F16EBF0096B4E7 /* Main.storyboard */,
				9C9623AA19F66731002C2515 /* Main */,
				9C9623AB19F66749002C2515 /* Menu */,
				9C9623A719F666EA002C2515 /* Login */,
				9C9623A819F66700002C2515 /* Register */,
				9C6F793D1A1FDF6C0039B5E0 /* AddEvent */,
				9C9623AC19F6675F002C2515 /* EventUpdater */,
				9C0B90EC1A0FB4E800008071 /* Core Data */,
				9CEB7F8219F16EBF0096B4E7 /* Images.xcassets */,
				9CEB7F8419F16EBF0096B4E7 /* LaunchScreen.xib */,
				9CEB7F7519F16EBF0096B4E7 /* Supporting Files */,
			);
			path = icreated;
			sourceTree = "<group>";
		};
		9CEB7F7519F16EBF0096B4E7 /* Supporting Files */ = {
			isa = PBXGroup;
			children = (
				9C7F8DDA1A2776D00082E7A6 /* NSDate+RFC1123.h */,
				9C7F8DDB1A2776D00082E7A6 /* NSDate+RFC1123.m */,
				9CEB7F7619F16EBF0096B4E7 /* Info.plist */,
				9CEB7F7719F16EBF0096B4E7 /* main.m */,
			);
			name = "Supporting Files";
			sourceTree = "<group>";
		};
		9CEB7F8E19F16EBF0096B4E7 /* icreatedTests */ = {
			isa = PBXGroup;
			children = (
				9CEB7F9119F16EBF0096B4E7 /* icreatedTests.m */,
				9CEB7F8F19F16EBF0096B4E7 /* Supporting Files */,
			);
			path = icreatedTests;
			sourceTree = "<group>";
		};
		9CEB7F8F19F16EBF0096B4E7 /* Supporting Files */ = {
			isa = PBXGroup;
			children = (
				9CEB7F9019F16EBF0096B4E7 /* Info.plist */,
			);
			name = "Supporting Files";
			sourceTree = "<group>";
		};
		9CF3FDBF1A30A3C60027841A /* EventSender */ = {
			isa = PBXGroup;
			children = (
				9CF3FDBC1A30A3140027841A /* AddEventViewController+EventSender.h */,
				9CF3FDBD1A30A3140027841A /* AddEventViewController+EventSender.m */,
			);
			name = EventSender;
			sourceTree = "<group>";
		};
/* End PBXGroup section */

/* Begin PBXNativeTarget section */
		9CEB7F7119F16EBF0096B4E7 /* icreated */ = {
			isa = PBXNativeTarget;
			buildConfigurationList = 9CEB7F9519F16EBF0096B4E7 /* Build configuration list for PBXNativeTarget "icreated" */;
			buildPhases = (
				4183AFA4C7CEACA98153E947 /* Check Pods Manifest.lock */,
				9CEB7F6E19F16EBF0096B4E7 /* Sources */,
				9CEB7F6F19F16EBF0096B4E7 /* Frameworks */,
				9CEB7F7019F16EBF0096B4E7 /* Resources */,
				1A317DA88F9BCB646820D62C /* Copy Pods Resources */,
			);
			buildRules = (
			);
			dependencies = (
			);
			name = icreated;
			productName = icreated;
			productReference = 9CEB7F7219F16EBF0096B4E7 /* icreated.app */;
			productType = "com.apple.product-type.application";
		};
		9CEB7F8A19F16EBF0096B4E7 /* icreatedTests */ = {
			isa = PBXNativeTarget;
			buildConfigurationList = 9CEB7F9819F16EBF0096B4E7 /* Build configuration list for PBXNativeTarget "icreatedTests" */;
			buildPhases = (
				9CEB7F8719F16EBF0096B4E7 /* Sources */,
				9CEB7F8819F16EBF0096B4E7 /* Frameworks */,
				9CEB7F8919F16EBF0096B4E7 /* Resources */,
			);
			buildRules = (
			);
			dependencies = (
				9CEB7F8D19F16EBF0096B4E7 /* PBXTargetDependency */,
			);
			name = icreatedTests;
			productName = icreatedTests;
			productReference = 9CEB7F8B19F16EBF0096B4E7 /* icreatedTests.xctest */;
			productType = "com.apple.product-type.bundle.unit-test";
		};
/* End PBXNativeTarget section */

/* Begin PBXProject section */
		9CEB7F6A19F16EBF0096B4E7 /* Project object */ = {
			isa = PBXProject;
			attributes = {
				LastUpgradeCheck = 0600;
				ORGANIZATIONNAME = pispbsu;
				TargetAttributes = {
					9CEB7F7119F16EBF0096B4E7 = {
						CreatedOnToolsVersion = 6.0.1;
					};
					9CEB7F8A19F16EBF0096B4E7 = {
						CreatedOnToolsVersion = 6.0.1;
						TestTargetID = 9CEB7F7119F16EBF0096B4E7;
					};
				};
			};
			buildConfigurationList = 9CEB7F6D19F16EBF0096B4E7 /* Build configuration list for PBXProject "icreated" */;
			compatibilityVersion = "Xcode 3.2";
			developmentRegion = English;
			hasScannedForEncodings = 0;
			knownRegions = (
				en,
				Base,
			);
			mainGroup = 9CEB7F6919F16EBF0096B4E7;
			productRefGroup = 9CEB7F7319F16EBF0096B4E7 /* Products */;
			projectDirPath = "";
			projectRoot = "";
			targets = (
				9CEB7F7119F16EBF0096B4E7 /* icreated */,
				9CEB7F8A19F16EBF0096B4E7 /* icreatedTests */,
			);
		};
/* End PBXProject section */

/* Begin PBXResourcesBuildPhase section */
		9CEB7F7019F16EBF0096B4E7 /* Resources */ = {
			isa = PBXResourcesBuildPhase;
			buildActionMask = 2147483647;
			files = (
				9CEB7F8119F16EBF0096B4E7 /* Main.storyboard in Resources */,
				9C82854C1A02DB9F00421B88 /* fontawesome-webfont.ttf in Resources */,
				9CEB7F8619F16EBF0096B4E7 /* LaunchScreen.xib in Resources */,
				9CEB7F8319F16EBF0096B4E7 /* Images.xcassets in Resources */,
			);
			runOnlyForDeploymentPostprocessing = 0;
		};
		9CEB7F8919F16EBF0096B4E7 /* Resources */ = {
			isa = PBXResourcesBuildPhase;
			buildActionMask = 2147483647;
			files = (
			);
			runOnlyForDeploymentPostprocessing = 0;
		};
/* End PBXResourcesBuildPhase section */

/* Begin PBXShellScriptBuildPhase section */
		1A317DA88F9BCB646820D62C /* Copy Pods Resources */ = {
			isa = PBXShellScriptBuildPhase;
			buildActionMask = 2147483647;
			files = (
			);
			inputPaths = (
			);
			name = "Copy Pods Resources";
			outputPaths = (
			);
			runOnlyForDeploymentPostprocessing = 0;
			shellPath = /bin/sh;
			shellScript = "\"${SRCROOT}/Pods/Target Support Files/Pods/Pods-resources.sh\"\n";
			showEnvVarsInLog = 0;
		};
		4183AFA4C7CEACA98153E947 /* Check Pods Manifest.lock */ = {
			isa = PBXShellScriptBuildPhase;
			buildActionMask = 2147483647;
			files = (
			);
			inputPaths = (
			);
			name = "Check Pods Manifest.lock";
			outputPaths = (
			);
			runOnlyForDeploymentPostprocessing = 0;
			shellPath = /bin/sh;
			shellScript = "diff \"${PODS_ROOT}/../Podfile.lock\" \"${PODS_ROOT}/Manifest.lock\" > /dev/null\nif [[ $? != 0 ]] ; then\n    cat << EOM\nerror: The sandbox is not in sync with the Podfile.lock. Run 'pod install' or update your CocoaPods installation.\nEOM\n    exit 1\nfi\n";
			showEnvVarsInLog = 0;
		};
/* End PBXShellScriptBuildPhase section */

/* Begin PBXSourcesBuildPhase section */
		9CEB7F6E19F16EBF0096B4E7 /* Sources */ = {
			isa = PBXSourcesBuildPhase;
			buildActionMask = 2147483647;
			files = (
				9CCF95411A2A401A00A5C2C9 /* MainViewController+Map.m in Sources */,
				9CCF95441A2A43D600A5C2C9 /* MainViewController+NewsStand.m in Sources */,
				9CCF955C1A2A75B500A5C2C9 /* Comment.m in Sources */,
				9CCF95591A2A75B400A5C2C9 /* Photo.m in Sources */,
				9CCF95561A2A75B400A5C2C9 /* Friend.m in Sources */,
				9CF3FDBE1A30A3140027841A /* AddEventViewController+EventSender.m in Sources */,
				9C03482E19F18F460070BEFD /* LoginViewController.m in Sources */,
				9C6F793C1A1FDF5D0039B5E0 /* AddEventViewController.m in Sources */,
				9C9623A619F666CE002C2515 /* EventAnnotation.m in Sources */,
				9CCF95531A2A75B400A5C2C9 /* Event.m in Sources */,
				9CCF955F1A2A8C4D00A5C2C9 /* AddEventViewController+PhotoPicker.m in Sources */,
				9CEB7F7E19F16EBF0096B4E7 /* MainViewController.m in Sources */,
				9CC81E4E19F4EFA300C28DA3 /* EventUpdater.m in Sources */,
				9CEB7F7B19F16EBF0096B4E7 /* AppDelegate.m in Sources */,
				9CF3FDBB1A30A3000027841A /* PinPickerViewController.m in Sources */,
				9C7F8DDC1A2776D00082E7A6 /* NSDate+RFC1123.m in Sources */,
				9CEB7FA219F16FCD0096B4E7 /* NavigationViewController.m in Sources */,
				9C03482B19F18D1F0070BEFD /* RegisterViewController.m in Sources */,
				9CCF95371A2A3C3500A5C2C9 /* AddEventViewController+PinPicker.m in Sources */,
				9CEB7F7819F16EBF0096B4E7 /* main.m in Sources */,
				9C0B90DE1A0F93B900008071 /* Model.xcdatamodeld in Sources */,
				9CCF953A1A2A3DAA00A5C2C9 /* AddEventViewController+DatePicker.m in Sources */,
			);
			runOnlyForDeploymentPostprocessing = 0;
		};
		9CEB7F8719F16EBF0096B4E7 /* Sources */ = {
			isa = PBXSourcesBuildPhase;
			buildActionMask = 2147483647;
			files = (
				9CEB7F9219F16EBF0096B4E7 /* icreatedTests.m in Sources */,
			);
			runOnlyForDeploymentPostprocessing = 0;
		};
/* End PBXSourcesBuildPhase section */

/* Begin PBXTargetDependency section */
		9CEB7F8D19F16EBF0096B4E7 /* PBXTargetDependency */ = {
			isa = PBXTargetDependency;
			target = 9CEB7F7119F16EBF0096B4E7 /* icreated */;
			targetProxy = 9CEB7F8C19F16EBF0096B4E7 /* PBXContainerItemProxy */;
		};
/* End PBXTargetDependency section */

/* Begin PBXVariantGroup section */
		9CEB7F7F19F16EBF0096B4E7 /* Main.storyboard */ = {
			isa = PBXVariantGroup;
			children = (
				9CEB7F8019F16EBF0096B4E7 /* Base */,
			);
			name = Main.storyboard;
			sourceTree = "<group>";
		};
		9CEB7F8419F16EBF0096B4E7 /* LaunchScreen.xib */ = {
			isa = PBXVariantGroup;
			children = (
				9CEB7F8519F16EBF0096B4E7 /* Base */,
			);
			name = LaunchScreen.xib;
			sourceTree = "<group>";
		};
/* End PBXVariantGroup section */

/* Begin XCBuildConfiguration section */
		9CEB7F9319F16EBF0096B4E7 /* Debug */ = {
			isa = XCBuildConfiguration;
			buildSettings = {
				ALWAYS_SEARCH_USER_PATHS = NO;
				CLANG_CXX_LANGUAGE_STANDARD = "gnu++0x";
				CLANG_CXX_LIBRARY = "libc++";
				CLANG_ENABLE_MODULES = YES;
				CLANG_ENABLE_OBJC_ARC = YES;
				CLANG_WARN_BOOL_CONVERSION = YES;
				CLANG_WARN_CONSTANT_CONVERSION = YES;
				CLANG_WARN_DIRECT_OBJC_ISA_USAGE = YES_ERROR;
				CLANG_WARN_EMPTY_BODY = YES;
				CLANG_WARN_ENUM_CONVERSION = YES;
				CLANG_WARN_INT_CONVERSION = YES;
				CLANG_WARN_OBJC_ROOT_CLASS = YES_ERROR;
				CLANG_WARN_UNREACHABLE_CODE = YES;
				CLANG_WARN__DUPLICATE_METHOD_MATCH = YES;
				"CODE_SIGN_IDENTITY[sdk=iphoneos*]" = "iPhone Developer";
				COPY_PHASE_STRIP = NO;
				ENABLE_STRICT_OBJC_MSGSEND = YES;
				GCC_C_LANGUAGE_STANDARD = gnu99;
				GCC_DYNAMIC_NO_PIC = NO;
				GCC_OPTIMIZATION_LEVEL = 0;
				GCC_PREPROCESSOR_DEFINITIONS = (
					"DEBUG=1",
					"$(inherited)",
				);
				GCC_SYMBOLS_PRIVATE_EXTERN = NO;
				GCC_WARN_64_TO_32_BIT_CONVERSION = YES;
				GCC_WARN_ABOUT_RETURN_TYPE = YES_ERROR;
				GCC_WARN_UNDECLARED_SELECTOR = YES;
				GCC_WARN_UNINITIALIZED_AUTOS = YES_AGGRESSIVE;
				GCC_WARN_UNUSED_FUNCTION = YES;
				GCC_WARN_UNUSED_VARIABLE = YES;
				IPHONEOS_DEPLOYMENT_TARGET = 7.1;
				MTL_ENABLE_DEBUG_INFO = YES;
				ONLY_ACTIVE_ARCH = YES;
				SDKROOT = iphoneos;
			};
			name = Debug;
		};
		9CEB7F9419F16EBF0096B4E7 /* Release */ = {
			isa = XCBuildConfiguration;
			buildSettings = {
				ALWAYS_SEARCH_USER_PATHS = NO;
				CLANG_CXX_LANGUAGE_STANDARD = "gnu++0x";
				CLANG_CXX_LIBRARY = "libc++";
				CLANG_ENABLE_MODULES = YES;
				CLANG_ENABLE_OBJC_ARC = YES;
				CLANG_WARN_BOOL_CONVERSION = YES;
				CLANG_WARN_CONSTANT_CONVERSION = YES;
				CLANG_WARN_DIRECT_OBJC_ISA_USAGE = YES_ERROR;
				CLANG_WARN_EMPTY_BODY = YES;
				CLANG_WARN_ENUM_CONVERSION = YES;
				CLANG_WARN_INT_CONVERSION = YES;
				CLANG_WARN_OBJC_ROOT_CLASS = YES_ERROR;
				CLANG_WARN_UNREACHABLE_CODE = YES;
				CLANG_WARN__DUPLICATE_METHOD_MATCH = YES;
				"CODE_SIGN_IDENTITY[sdk=iphoneos*]" = "iPhone Developer";
				COPY_PHASE_STRIP = YES;
				ENABLE_NS_ASSERTIONS = NO;
				ENABLE_STRICT_OBJC_MSGSEND = YES;
				GCC_C_LANGUAGE_STANDARD = gnu99;
				GCC_WARN_64_TO_32_BIT_CONVERSION = YES;
				GCC_WARN_ABOUT_RETURN_TYPE = YES_ERROR;
				GCC_WARN_UNDECLARED_SELECTOR = YES;
				GCC_WARN_UNINITIALIZED_AUTOS = YES_AGGRESSIVE;
				GCC_WARN_UNUSED_FUNCTION = YES;
				GCC_WARN_UNUSED_VARIABLE = YES;
				IPHONEOS_DEPLOYMENT_TARGET = 7.1;
				MTL_ENABLE_DEBUG_INFO = NO;
				SDKROOT = iphoneos;
				VALIDATE_PRODUCT = YES;
			};
			name = Release;
		};
		9CEB7F9619F16EBF0096B4E7 /* Debug */ = {
			isa = XCBuildConfiguration;
			baseConfigurationReference = 1C2E36156BD7374318E96A65 /* Pods.debug.xcconfig */;
			buildSettings = {
				ASSETCATALOG_COMPILER_APPICON_NAME = AppIcon;
				ASSETCATALOG_COMPILER_LAUNCHIMAGE_NAME = LaunchImage;
				INFOPLIST_FILE = icreated/Info.plist;
				IPHONEOS_DEPLOYMENT_TARGET = 7.1;
				LD_RUNPATH_SEARCH_PATHS = "$(inherited) @executable_path/Frameworks";
				PRODUCT_NAME = "$(TARGET_NAME)";
			};
			name = Debug;
		};
		9CEB7F9719F16EBF0096B4E7 /* Release */ = {
			isa = XCBuildConfiguration;
			baseConfigurationReference = A6B59FAA48D59786503C937A /* Pods.release.xcconfig */;
			buildSettings = {
				ASSETCATALOG_COMPILER_APPICON_NAME = AppIcon;
				ASSETCATALOG_COMPILER_LAUNCHIMAGE_NAME = LaunchImage;
				INFOPLIST_FILE = icreated/Info.plist;
				IPHONEOS_DEPLOYMENT_TARGET = 7.1;
				LD_RUNPATH_SEARCH_PATHS = "$(inherited) @executable_path/Frameworks";
				PRODUCT_NAME = "$(TARGET_NAME)";
			};
			name = Release;
		};
		9CEB7F9919F16EBF0096B4E7 /* Debug */ = {
			isa = XCBuildConfiguration;
			buildSettings = {
				BUNDLE_LOADER = "$(TEST_HOST)";
				FRAMEWORK_SEARCH_PATHS = (
					"$(SDKROOT)/Developer/Library/Frameworks",
					"$(inherited)",
				);
				GCC_PREPROCESSOR_DEFINITIONS = (
					"DEBUG=1",
					"$(inherited)",
				);
				INFOPLIST_FILE = icreatedTests/Info.plist;
				LD_RUNPATH_SEARCH_PATHS = "$(inherited) @executable_path/Frameworks @loader_path/Frameworks";
				PRODUCT_NAME = "$(TARGET_NAME)";
				TEST_HOST = "$(BUILT_PRODUCTS_DIR)/icreated.app/icreated";
			};
			name = Debug;
		};
		9CEB7F9A19F16EBF0096B4E7 /* Release */ = {
			isa = XCBuildConfiguration;
			buildSettings = {
				BUNDLE_LOADER = "$(TEST_HOST)";
				FRAMEWORK_SEARCH_PATHS = (
					"$(SDKROOT)/Developer/Library/Frameworks",
					"$(inherited)",
				);
				INFOPLIST_FILE = icreatedTests/Info.plist;
				LD_RUNPATH_SEARCH_PATHS = "$(inherited) @executable_path/Frameworks @loader_path/Frameworks";
				PRODUCT_NAME = "$(TARGET_NAME)";
				TEST_HOST = "$(BUILT_PRODUCTS_DIR)/icreated.app/icreated";
			};
			name = Release;
		};
/* End XCBuildConfiguration section */

/* Begin XCConfigurationList section */
		9CEB7F6D19F16EBF0096B4E7 /* Build configuration list for PBXProject "icreated" */ = {
			isa = XCConfigurationList;
			buildConfigurations = (
				9CEB7F9319F16EBF0096B4E7 /* Debug */,
				9CEB7F9419F16EBF0096B4E7 /* Release */,
			);
			defaultConfigurationIsVisible = 0;
			defaultConfigurationName = Release;
		};
		9CEB7F9519F16EBF0096B4E7 /* Build configuration list for PBXNativeTarget "icreated" */ = {
			isa = XCConfigurationList;
			buildConfigurations = (
				9CEB7F9619F16EBF0096B4E7 /* Debug */,
				9CEB7F9719F16EBF0096B4E7 /* Release */,
			);
			defaultConfigurationIsVisible = 0;
			defaultConfigurationName = Release;
		};
		9CEB7F9819F16EBF0096B4E7 /* Build configuration list for PBXNativeTarget "icreatedTests" */ = {
			isa = XCConfigurationList;
			buildConfigurations = (
				9CEB7F9919F16EBF0096B4E7 /* Debug */,
				9CEB7F9A19F16EBF0096B4E7 /* Release */,
			);
			defaultConfigurationIsVisible = 0;
			defaultConfigurationName = Release;
		};
/* End XCConfigurationList section */

/* Begin XCVersionGroup section */
		9C0B90DC1A0F93B900008071 /* Model.xcdatamodeld */ = {
			isa = XCVersionGroup;
			children = (
				9C0B90DD1A0F93B900008071 /* Model.xcdatamodel */,
			);
			currentVersion = 9C0B90DD1A0F93B900008071 /* Model.xcdatamodel */;
			path = Model.xcdatamodeld;
			sourceTree = "<group>";
			versionGroupType = wrapper.xcdatamodel;
		};
/* End XCVersionGroup section */
	};
	rootObject = 9CEB7F6A19F16EBF0096B4E7 /* Project object */;
}
